
Microsoft Visual Studio Solution File, Format Version 12.00
# Visual Studio Version 17
VisualStudioVersion = 17.4.33205.214
MinimumVisualStudioVersion = 10.0.40219.1
Project("{EFFBF26C-584F-42C4-AED8-03864497FFAB}") = "ShowPowerMenu", "Plugin.csproj", "{0E0F5280-926B-4112-BDC3-F9C8BFC548C0}"
EndProject
Global
	GlobalSection(SolutionConfigurationPlatforms) = preSolution
		Debug|Any CPU = Debug|Any CPU
		Release|Any CPU = Release|Any CPU
	EndGlobalSection
	GlobalSection(ProjectConfigurationPlatforms) = postSolution
		{0E0F5280-926B-4112-BDC3-F9C8BFC548C0}.Debug|Any CPU.ActiveCfg = Debug|Any CPU
		{0E0F5280-926B-4112-BDC3-F9C8BFC548C0}.Debug|Any CPU.Build.0 = Debug|Any CPU
		{0E0F5280-926B-4112-BDC3-F9C8BFC548C0}.Release|Any CPU.ActiveCfg = Release|Any CPU
		{0E0F5280-926B-4112-BDC3-F9C8BFC548C0}.Release|Any CPU.Build.0 = Release|Any CPU
	EndGlobalSection
	GlobalSection(SolutionProperties) = preSolution
		HideSolutionNode = FALSE
	EndGlobalSection
	GlobalSection(ExtensibilityGlobals) = postSolution
		SolutionGuid = {DDD8B904-D34E-41D6-B49B-1D667AAF5B9E}
	EndGlobalSection
EndGlobal
